
Microsoft Visual Studio Solution File, Format Version 12.00
# Visual Studio Version 16
VisualStudioVersion = 25.0.1705.2
MinimumVisualStudioVersion = 10.0.40219.1
Project("{FAE04EC0-301F-11D3-BF4B-00C04F79EFBC}") = "Api", "Api.csproj", "{62DC16D3-63A0-4FEC-96AB-E1C16558CA98}"
EndProject
# Project("{FAE04EC0-301F-11D3-BF4B-00C04F79EFBC}") = "Api.Tests", "..\Api.Tests\Api.Tests.csproj", "{77AFB2FA-4218-4809-AB7D-0CB90CD4609A}"
# EndProject
Global
	GlobalSection(SolutionConfigurationPlatforms) = preSolution
		Debug|Any CPU = Debug|Any CPU
		Release|Any CPU = Release|Any CPU
	EndGlobalSection
	GlobalSection(ProjectConfigurationPlatforms) = postSolution
		{62DC16D3-63A0-4FEC-96AB-E1C16558CA98}.Debug|Any CPU.ActiveCfg = Debug|Any CPU
		{62DC16D3-63A0-4FEC-96AB-E1C16558CA98}.Debug|Any CPU.Build.0 = Debug|Any CPU
		{62DC16D3-63A0-4FEC-96AB-E1C16558CA98}.Release|Any CPU.ActiveCfg = Release|Any CPU
		{62DC16D3-63A0-4FEC-96AB-E1C16558CA98}.Release|Any CPU.Build.0 = Release|Any CPU
		{77AFB2FA-4218-4809-AB7D-0CB90CD4609A}.Debug|Any CPU.ActiveCfg = Debug|Any CPU
		{77AFB2FA-4218-4809-AB7D-0CB90CD4609A}.Debug|Any CPU.Build.0 = Debug|Any CPU
		{77AFB2FA-4218-4809-AB7D-0CB90CD4609A}.Release|Any CPU.ActiveCfg = Release|Any CPU
		{77AFB2FA-4218-4809-AB7D-0CB90CD4609A}.Release|Any CPU.Build.0 = Release|Any CPU
	EndGlobalSection
	GlobalSection(SolutionProperties) = preSolution
		HideSolutionNode = FALSE
	EndGlobalSection
	GlobalSection(ExtensibilityGlobals) = postSolution
		SolutionGuid = {C63D7DC6-1FA8-4064-9ED8-924C64177FCB}
	EndGlobalSection
EndGlobal
